// !$*UTF8*$!
{
	archiveVersion = 1;
	classes = {
	};
	objectVersion = 56;
	objects = {

/* Begin PBXBuildFile section */
		1A34B661D26EB2BD4AD5C082 /* Pods_Seattle.framework in Frameworks */ = {isa = PBXBuildFile; fileRef = 2E6AB94D7EF49DD73DC55F7C /* Pods_Seattle.framework */; };
		298131DF2B2524B2007FB22E /* AppDelegate.swift in Sources */ = {isa = PBXBuildFile; fileRef = 298131DE2B2524B2007FB22E /* AppDelegate.swift */; };
		298131E12B2524B2007FB22E /* SceneDelegate.swift in Sources */ = {isa = PBXBuildFile; fileRef = 298131E02B2524B2007FB22E /* SceneDelegate.swift */; };
		298131E32B2524B2007FB22E /* ViewController.swift in Sources */ = {isa = PBXBuildFile; fileRef = 298131E22B2524B2007FB22E /* ViewController.swift */; };
		298131E62B2524B2007FB22E /* Main.storyboard in Resources */ = {isa = PBXBuildFile; fileRef = 298131E42B2524B2007FB22E /* Main.storyboard */; };
		298131E82B2524B3007FB22E /* Assets.xcassets in Resources */ = {isa = PBXBuildFile; fileRef = 298131E72B2524B3007FB22E /* Assets.xcassets */; };
		298131EB2B2524B3007FB22E /* LaunchScreen.storyboard in Resources */ = {isa = PBXBuildFile; fileRef = 298131E92B2524B3007FB22E /* LaunchScreen.storyboard */; };
		298131F42B2526F7007FB22E /* SeattleTableViewCell.swift in Sources */ = {isa = PBXBuildFile; fileRef = 298131F22B2526F7007FB22E /* SeattleTableViewCell.swift */; };
		298131F52B2526F7007FB22E /* SeattleTableViewCell.xib in Resources */ = {isa = PBXBuildFile; fileRef = 298131F32B2526F7007FB22E /* SeattleTableViewCell.xib */; };
/* End PBXBuildFile section */

/* Begin PBXFileReference section */
		298131DB2B2524B2007FB22E /* Seattle.app */ = {isa = PBXFileReference; explicitFileType = wrapper.application; includeInIndex = 0; path = Seattle.app; sourceTree = BUILT_PRODUCTS_DIR; };
		298131DE2B2524B2007FB22E /* AppDelegate.swift */ = {isa = PBXFileReference; lastKnownFileType = sourcecode.swift; path = AppDelegate.swift; sourceTree = "<group>"; };
		298131E02B2524B2007FB22E /* SceneDelegate.swift */ = {isa = PBXFileReference; lastKnownFileType = sourcecode.swift; path = SceneDelegate.swift; sourceTree = "<group>"; };
		298131E22B2524B2007FB22E /* ViewController.swift */ = {isa = PBXFileReference; lastKnownFileType = sourcecode.swift; path = ViewController.swift; sourceTree = "<group>"; };
		298131E52B2524B2007FB22E /* Base */ = {isa = PBXFileReference; lastKnownFileType = file.storyboard; name = Base; path = Base.lproj/Main.storyboard; sourceTree = "<group>"; };
		298131E72B2524B3007FB22E /* Assets.xcassets */ = {isa = PBXFileReference; lastKnownFileType = folder.assetcatalog; path = Assets.xcassets; sourceTree = "<group>"; };
		298131EA2B2524B3007FB22E /* Base */ = {isa = PBXFileReference; lastKnownFileType = file.storyboard; name = Base; path = Base.lproj/LaunchScreen.storyboard; sourceTree = "<group>"; };
		298131EC2B2524B3007FB22E /* Info.plist */ = {isa = PBXFileReference; lastKnownFileType = text.plist.xml; path = Info.plist; sourceTree = "<group>"; };
		298131F22B2526F7007FB22E /* SeattleTableViewCell.swift */ = {isa = PBXFileReference; lastKnownFileType = sourcecode.swift; path = SeattleTableViewCell.swift; sourceTree = "<group>"; };
		298131F32B2526F7007FB22E /* SeattleTableViewCell.xib */ = {isa = PBXFileReference; lastKnownFileType = file.xib; path = SeattleTableViewCell.xib; sourceTree = "<group>"; };
		2E6AB94D7EF49DD73DC55F7C /* Pods_Seattle.framework */ = {isa = PBXFileReference; explicitFileType = wrapper.framework; includeInIndex = 0; path = Pods_Seattle.framework; sourceTree = BUILT_PRODUCTS_DIR; };
		B3A2F6988A21840302C3259B /* Pods-Seattle.release.xcconfig */ = {isa = PBXFileReference; includeInIndex = 1; lastKnownFileType = text.xcconfig; name = "Pods-Seattle.release.xcconfig"; path = "Target Support Files/Pods-Seattle/Pods-Seattle.release.xcconfig"; sourceTree = "<group>"; };
		F0A7C137BBA49F4C3BBCE79C /* Pods-Seattle.debug.xcconfig */ = {isa = PBXFileReference; includeInIndex = 1; lastKnownFileType = text.xcconfig; name = "Pods-Seattle.debug.xcconfig"; path = "Target Support Files/Pods-Seattle/Pods-Seattle.debug.xcconfig"; sourceTree = "<group>"; };
/* End PBXFileReference section */

/* Begin PBXFrameworksBuildPhase section */
		298131D82B2524B2007FB22E /* Frameworks */ = {
			isa = PBXFrameworksBuildPhase;
			buildActionMask = 2147483647;
			files = (
				1A34B661D26EB2BD4AD5C082 /* Pods_Seattle.framework in Frameworks */,
			);
			runOnlyForDeploymentPostprocessing = 0;
		};
/* End PBXFrameworksBuildPhase section */

/* Begin PBXGroup section */
		1F3A88674B563CCDEB6DB57F /* Frameworks */ = {
			isa = PBXGroup;
			children = (
				2E6AB94D7EF49DD73DC55F7C /* Pods_Seattle.framework */,
			);
			name = Frameworks;
			sourceTree = "<group>";
		};
		298131D22B2524B2007FB22E = {
			isa = PBXGroup;
			children = (
				298131DD2B2524B2007FB22E /* Seattle */,
				298131DC2B2524B2007FB22E /* Products */,
				E2CB7C9152E16FD499A7E082 /* Pods */,
				1F3A88674B563CCDEB6DB57F /* Frameworks */,
			);
			sourceTree = "<group>";
		};
		298131DC2B2524B2007FB22E /* Products */ = {
			isa = PBXGroup;
			children = (
				298131DB2B2524B2007FB22E /* Seattle.app */,
			);
			name = Products;
			sourceTree = "<group>";
		};
		298131DD2B2524B2007FB22E /* Seattle */ = {
			isa = PBXGroup;
			children = (
				298131DE2B2524B2007FB22E /* AppDelegate.swift */,
				298131E02B2524B2007FB22E /* SceneDelegate.swift */,
				298131E22B2524B2007FB22E /* ViewController.swift */,
				298131E42B2524B2007FB22E /* Main.storyboard */,
				298131E72B2524B3007FB22E /* Assets.xcassets */,
				298131E92B2524B3007FB22E /* LaunchScreen.storyboard */,
				298131EC2B2524B3007FB22E /* Info.plist */,
				298131F22B2526F7007FB22E /* SeattleTableViewCell.swift */,
				298131F32B2526F7007FB22E /* SeattleTableViewCell.xib */,
			);
			path = Seattle;
			sourceTree = "<group>";
		};
		E2CB7C9152E16FD499A7E082 /* Pods */ = {
			isa = PBXGroup;
			children = (
				F0A7C137BBA49F4C3BBCE79C /* Pods-Seattle.debug.xcconfig */,
				B3A2F6988A21840302C3259B /* Pods-Seattle.release.xcconfig */,
			);
			name = Pods;
			path = Pods;
			sourceTree = "<group>";
		};
/* End PBXGroup section */

/* Begin PBXNativeTarget section */
		298131DA2B2524B2007FB22E /* Seattle */ = {
			isa = PBXNativeTarget;
			buildConfigurationList = 298131EF2B2524B3007FB22E /* Build configuration list for PBXNativeTarget "Seattle" */;
			buildPhases = (
				78AB8E439CBEA79089F52D3C /* [CP] Check Pods Manifest.lock */,
				298131D72B2524B2007FB22E /* Sources */,
				298131D82B2524B2007FB22E /* Frameworks */,
				298131D92B2524B2007FB22E /* Resources */,
			);
			buildRules = (
			);
			dependencies = (
			);
			name = Seattle;
			productName = Seattle;
			productReference = 298131DB2B2524B2007FB22E /* Seattle.app */;
			productType = "com.apple.product-type.application";
		};
/* End PBXNativeTarget section */

/* Begin PBXProject section */
		298131D32B2524B2007FB22E /* Project object */ = {
			isa = PBXProject;
			attributes = {
				BuildIndependentTargetsInParallel = 1;
				LastSwiftUpdateCheck = 1430;
				LastUpgradeCheck = 1430;
				TargetAttributes = {
					298131DA2B2524B2007FB22E = {
						CreatedOnToolsVersion = 14.3.1;
					};
				};
			};
			buildConfigurationList = 298131D62B2524B2007FB22E /* Build configuration list for PBXProject "Seattle" */;
			compatibilityVersion = "Xcode 14.0";
			developmentRegion = en;
			hasScannedForEncodings = 0;
			knownRegions = (
				en,
				Base,
			);
			mainGroup = 298131D22B2524B2007FB22E;
			productRefGroup = 298131DC2B2524B2007FB22E /* Products */;
			projectDirPath = "";
			projectRoot = "";
			targets = (
				298131DA2B2524B2007FB22E /* Seattle */,
			);
		};
/* End PBXProject section */

/* Begin PBXResourcesBuildPhase section */
		298131D92B2524B2007FB22E /* Resources */ = {
			isa = PBXResourcesBuildPhase;
			buildActionMask = 2147483647;
			files = (
				298131EB2B2524B3007FB22E /* LaunchScreen.storyboard in Resources */,
				298131E82B2524B3007FB22E /* Assets.xcassets in Resources */,
				298131F52B2526F7007FB22E /* SeattleTableViewCell.xib in Resources */,
				298131E62B2524B2007FB22E /* Main.storyboard in Resources */,
			);
			runOnlyForDeploymentPostprocessing = 0;
		};
/* End PBXResourcesBuildPhase section */

/* Begin PBXShellScriptBuildPhase section */
		78AB8E439CBEA79089F52D3C /* [CP] Check Pods Manifest.lock */ = {
			isa = PBXShellScriptBuildPhase;
			buildActionMask = 2147483647;
			files = (
			);
			inputFileListPaths = (
			);
			inputPaths = (
				"${PODS_PODFILE_DIR_PATH}/Podfile.lock",
				"${PODS_ROOT}/Manifest.lock",
			);
			name = "[CP] Check Pods Manifest.lock";
			outputFileListPaths = (
			);
			outputPaths = (
				"$(DERIVED_FILE_DIR)/Pods-Seattle-checkManifestLockResult.txt",
			);
			runOnlyForDeploymentPostprocessing = 0;
			shellPath = /bin/sh;
			shellScript = "diff \"${PODS_PODFILE_DIR_PATH}/Podfile.lock\" \"${PODS_ROOT}/Manifest.lock\" > /dev/null\nif [ $? != 0 ] ; then\n    # print error to STDERR\n    echo \"error: The sandbox is not in sync with the Podfile.lock. Run 'pod install' or update your CocoaPods installation.\" >&2\n    exit 1\nfi\n# This output is used by Xcode 'outputs' to avoid re-running this script phase.\necho \"SUCCESS\" > \"${SCRIPT_OUTPUT_FILE_0}\"\n";
			showEnvVarsInLog = 0;
		};
/* End PBXShellScriptBuildPhase section */

/* Begin PBXSourcesBuildPhase section */
		298131D72B2524B2007FB22E /* Sources */ = {
			isa = PBXSourcesBuildPhase;
			buildActionMask = 2147483647;
			files = (
				298131E32B2524B2007FB22E /* ViewController.swift in Sources */,
				298131DF2B2524B2007FB22E /* AppDelegate.swift in Sources */,
				298131F42B2526F7007FB22E /* SeattleTableViewCell.swift in Sources */,
				298131E12B2524B2007FB22E /* SceneDelegate.swift in Sources */,
			);
			runOnlyForDeploymentPostprocessing = 0;
		};
/* End PBXSourcesBuildPhase section */

/* Begin PBXVariantGroup section */
		298131E42B2524B2007FB22E /* Main.storyboard */ = {
			isa = PBXVariantGroup;
			children = (
				298131E52B2524B2007FB22E /* Base */,
			);
			name = Main.storyboard;
			sourceTree = "<group>";
		};
		298131E92B2524B3007FB22E /* LaunchScreen.storyboard */ = {
			isa = PBXVariantGroup;
			children = (
				298131EA2B2524B3007FB22E /* Base */,
			);
			name = LaunchScreen.storyboard;
			sourceTree = "<group>";
		};
/* End PBXVariantGroup section */

/* Begin XCBuildConfiguration section */
		298131ED2B2524B3007FB22E /* Debug */ = {
			isa = XCBuildConfiguration;
			buildSettings = {
				ALWAYS_SEARCH_USER_PATHS = NO;
				CLANG_ANALYZER_NONNULL = YES;
				CLANG_ANALYZER_NUMBER_OBJECT_CONVERSION = YES_AGGRESSIVE;
				CLANG_CXX_LANGUAGE_STANDARD = "gnu++20";
				CLANG_ENABLE_MODULES = YES;
				CLANG_ENABLE_OBJC_ARC = YES;
				CLANG_ENABLE_OBJC_WEAK = YES;
				CLANG_WARN_BLOCK_CAPTURE_AUTORELEASING = YES;
				CLANG_WARN_BOOL_CONVERSION = YES;
				CLANG_WARN_COMMA = YES;
				CLANG_WARN_CONSTANT_CONVERSION = YES;
				CLANG_WARN_DEPRECATED_OBJC_IMPLEMENTATIONS = YES;
				CLANG_WARN_DIRECT_OBJC_ISA_USAGE = YES_ERROR;
				CLANG_WARN_DOCUMENTATION_COMMENTS = YES;
				CLANG_WARN_EMPTY_BODY = YES;
				CLANG_WARN_ENUM_CONVERSION = YES;
				CLANG_WARN_INFINITE_RECURSION = YES;
				CLANG_WARN_INT_CONVERSION = YES;
				CLANG_WARN_NON_LITERAL_NULL_CONVERSION = YES;
				CLANG_WARN_OBJC_IMPLICIT_RETAIN_SELF = YES;
				CLANG_WARN_OBJC_LITERAL_CONVERSION = YES;
				CLANG_WARN_OBJC_ROOT_CLASS = YES_ERROR;
				CLANG_WARN_QUOTED_INCLUDE_IN_FRAMEWORK_HEADER = YES;
				CLANG_WARN_RANGE_LOOP_ANALYSIS = YES;
				CLANG_WARN_STRICT_PROTOTYPES = YES;
				CLANG_WARN_SUSPICIOUS_MOVE = YES;
				CLANG_WARN_UNGUARDED_AVAILABILITY = YES_AGGRESSIVE;
				CLANG_WARN_UNREACHABLE_CODE = YES;
				CLANG_WARN__DUPLICATE_METHOD_MATCH = YES;
				COPY_PHASE_STRIP = NO;
				DEBUG_INFORMATION_FORMAT = dwarf;
				ENABLE_STRICT_OBJC_MSGSEND = YES;
				ENABLE_TESTABILITY = YES;
				GCC_C_LANGUAGE_STANDARD = gnu11;
				GCC_DYNAMIC_NO_PIC = NO;
				GCC_NO_COMMON_BLOCKS = YES;
				GCC_OPTIMIZATION_LEVEL = 0;
				GCC_PREPROCESSOR_DEFINITIONS = (
					"DEBUG=1",
					"$(inherited)",
				);
				GCC_WARN_64_TO_32_BIT_CONVERSION = YES;
				GCC_WARN_ABOUT_RETURN_TYPE = YES_ERROR;
				GCC_WARN_UNDECLARED_SELECTOR = YES;
				GCC_WARN_UNINITIALIZED_AUTOS = YES_AGGRESSIVE;
				GCC_WARN_UNUSED_FUNCTION = YES;
				GCC_WARN_UNUSED_VARIABLE = YES;
				IPHONEOS_DEPLOYMENT_TARGET = 16.4;
				MTL_ENABLE_DEBUG_INFO = INCLUDE_SOURCE;
				MTL_FAST_MATH = YES;
				ONLY_ACTIVE_ARCH = YES;
				SDKROOT = iphoneos;
				SWIFT_ACTIVE_COMPILATION_CONDITIONS = DEBUG;
				SWIFT_OPTIMIZATION_LEVEL = "-Onone";
			};
			name = Debug;
		};
		298131EE2B2524B3007FB22E /* Release */ = {
			isa = XCBuildConfiguration;
			buildSettings = {
				ALWAYS_SEARCH_USER_PATHS = NO;
				CLANG_ANALYZER_NONNULL = YES;
				CLANG_ANALYZER_NUMBER_OBJECT_CONVERSION = YES_AGGRESSIVE;
				CLANG_CXX_LANGUAGE_STANDARD = "gnu++20";
				CLANG_ENABLE_MODULES = YES;
				CLANG_ENABLE_OBJC_ARC = YES;
				CLANG_ENABLE_OBJC_WEAK = YES;
				CLANG_WARN_BLOCK_CAPTURE_AUTORELEASING = YES;
				CLANG_WARN_BOOL_CONVERSION = YES;
				CLANG_WARN_COMMA = YES;
				CLANG_WARN_CONSTANT_CONVERSION = YES;
				CLANG_WARN_DEPRECATED_OBJC_IMPLEMENTATIONS = YES;
				CLANG_WARN_DIRECT_OBJC_ISA_USAGE = YES_ERROR;
				CLANG_WARN_DOCUMENTATION_COMMENTS = YES;
				CLANG_WARN_EMPTY_BODY = YES;
				CLANG_WARN_ENUM_CONVERSION = YES;
				CLANG_WARN_INFINITE_RECURSION = YES;
				CLANG_WARN_INT_CONVERSION = YES;
				CLANG_WARN_NON_LITERAL_NULL_CONVERSION = YES;
				CLANG_WARN_OBJC_IMPLICIT_RETAIN_SELF = YES;
				CLANG_WARN_OBJC_LITERAL_CONVERSION = YES;
				CLANG_WARN_OBJC_ROOT_CLASS = YES_ERROR;
				CLANG_WARN_QUOTED_INCLUDE_IN_FRAMEWORK_HEADER = YES;
				CLANG_WARN_RANGE_LOOP_ANALYSIS = YES;
				CLANG_WARN_STRICT_PROTOTYPES = YES;
				CLANG_WARN_SUSPICIOUS_MOVE = YES;
				CLANG_WARN_UNGUARDED_AVAILABILITY = YES_AGGRESSIVE;
				CLANG_WARN_UNREACHABLE_CODE = YES;
				CLANG_WARN__DUPLICATE_METHOD_MATCH = YES;
				COPY_PHASE_STRIP = NO;
				DEBUG_INFORMATION_FORMAT = "dwarf-with-dsym";
				ENABLE_NS_ASSERTIONS = NO;
				ENABLE_STRICT_OBJC_MSGSEND = YES;
				GCC_C_LANGUAGE_STANDARD = gnu11;
				GCC_NO_COMMON_BLOCKS = YES;
				GCC_WARN_64_TO_32_BIT_CONVERSION = YES;
				GCC_WARN_ABOUT_RETURN_TYPE = YES_ERROR;
				GCC_WARN_UNDECLARED_SELECTOR = YES;
				GCC_WARN_UNINITIALIZED_AUTOS = YES_AGGRESSIVE;
				GCC_WARN_UNUSED_FUNCTION = YES;
				GCC_WARN_UNUSED_VARIABLE = YES;
				IPHONEOS_DEPLOYMENT_TARGET = 16.4;
				MTL_ENABLE_DEBUG_INFO = NO;
				MTL_FAST_MATH = YES;
				SDKROOT = iphoneos;
				SWIFT_COMPILATION_MODE = wholemodule;
				SWIFT_OPTIMIZATION_LEVEL = "-O";
				VALIDATE_PRODUCT = YES;
			};
			name = Release;
		};
		298131F02B2524B3007FB22E /* Debug */ = {
			isa = XCBuildConfiguration;
			baseConfigurationReference = F0A7C137BBA49F4C3BBCE79C /* Pods-Seattle.debug.xcconfig */;
			buildSettings = {
				ASSETCATALOG_COMPILER_APPICON_NAME = AppIcon;
				ASSETCATALOG_COMPILER_GLOBAL_ACCENT_COLOR_NAME = AccentColor;
				CODE_SIGN_STYLE = Automatic;
				CURRENT_PROJECT_VERSION = 1;
				GENERATE_INFOPLIST_FILE = YES;
				INFOPLIST_FILE = Seattle/Info.plist;
				INFOPLIST_KEY_UIApplicationSupportsIndirectInputEvents = YES;
				INFOPLIST_KEY_UILaunchStoryboardName = LaunchScreen;
				INFOPLIST_KEY_UIMainStoryboardFile = Main;
				INFOPLIST_KEY_UISupportedInterfaceOrientations_iPad = "UIInterfaceOrientationPortrait UIInterfaceOrientationPortraitUpsideDown UIInterfaceOrientationLandscapeLeft UIInterfaceOrientationLandscapeRight";
				INFOPLIST_KEY_UISupportedInterfaceOrientations_iPhone = "UIInterfaceOrientationPortrait UIInterfaceOrientationLandscapeLeft UIInterfaceOrientationLandscapeRight";
				LD_RUNPATH_SEARCH_PATHS = (
					"$(inherited)",
					"@executable_path/Frameworks",
				);
				MARKETING_VERSION = 1.0;
				PRODUCT_BUNDLE_IDENTIFIER = edu.notheaster.lu.Seattle;
				PRODUCT_NAME = "$(TARGET_NAME)";
				SWIFT_EMIT_LOC_STRINGS = YES;
				SWIFT_VERSION = 5.0;
				TARGETED_DEVICE_FAMILY = "1,2";
			};
			name = Debug;
		};
		298131F12B2524B3007FB22E /* Release */ = {
			isa = XCBuildConfiguration;
			baseConfigurationReference = B3A2F6988A21840302C3259B /* Pods-Seattle.release.xcconfig */;
			buildSettings = {
				ASSETCATALOG_COMPILER_APPICON_NAME = AppIcon;
				ASSETCATALOG_COMPILER_GLOBAL_ACCENT_COLOR_NAME = AccentColor;
				CODE_SIGN_STYLE = Automatic;
				CURRENT_PROJECT_VERSION = 1;
				GENERATE_INFOPLIST_FILE = YES;
				INFOPLIST_FILE = Seattle/Info.plist;
				INFOPLIST_KEY_UIApplicationSupportsIndirectInputEvents = YES;
				INFOPLIST_KEY_UILaunchStoryboardName = LaunchScreen;
				INFOPLIST_KEY_UIMainStoryboardFile = Main;
				INFOPLIST_KEY_UISupportedInterfaceOrientations_iPad = "UIInterfaceOrientationPortrait UIInterfaceOrientationPortraitUpsideDown UIInterfaceOrientationLandscapeLeft UIInterfaceOrientationLandscapeRight";
				INFOPLIST_KEY_UISupportedInterfaceOrientations_iPhone = "UIInterfaceOrientationPortrait UIInterfaceOrientationLandscapeLeft UIInterfaceOrientationLandscapeRight";
				LD_RUNPATH_SEARCH_PATHS = (
					"$(inherited)",
					"@executable_path/Frameworks",
				);
				MARKETING_VERSION = 1.0;
				PRODUCT_BUNDLE_IDENTIFIER = edu.notheaster.lu.Seattle;
				PRODUCT_NAME = "$(TARGET_NAME)";
				SWIFT_EMIT_LOC_STRINGS = YES;
				SWIFT_VERSION = 5.0;
				TARGETED_DEVICE_FAMILY = "1,2";
			};
			name = Release;
		};
/* End XCBuildConfiguration section */

/* Begin XCConfigurationList section */
		298131D62B2524B2007FB22E /* Build configuration list for PBXProject "Seattle" */ = {
			isa = XCConfigurationList;
			buildConfigurations = (
				298131ED2B2524B3007FB22E /* Debug */,
				298131EE2B2524B3007FB22E /* Release */,
			);
			defaultConfigurationIsVisible = 0;
			defaultConfigurationName = Release;
		};
		298131EF2B2524B3007FB22E /* Build configuration list for PBXNativeTarget "Seattle" */ = {
			isa = XCConfigurationList;
			buildConfigurations = (
				298131F02B2524B3007FB22E /* Debug */,
				298131F12B2524B3007FB22E /* Release */,
			);
			defaultConfigurationIsVisible = 0;
			defaultConfigurationName = Release;
		};
/* End XCConfigurationList section */
	};
	rootObject = 298131D32B2524B2007FB22E /* Project object */;
}
