// !$*UTF8*$!
{
	archiveVersion = 1;
	classes = {
	};
	objectVersion = 56;
	objects = {

/* Begin PBXBuildFile section */
		298131BB2B24BDBB007FB22E /* AppDelegate.swift in Sources */ = {isa = PBXBuildFile; fileRef = 298131BA2B24BDBB007FB22E /* AppDelegate.swift */; };
		298131BD2B24BDBB007FB22E /* SceneDelegate.swift in Sources */ = {isa = PBXBuildFile; fileRef = 298131BC2B24BDBB007FB22E /* SceneDelegate.swift */; };
		298131BF2B24BDBB007FB22E /* ViewController.swift in Sources */ = {isa = PBXBuildFile; fileRef = 298131BE2B24BDBB007FB22E /* ViewController.swift */; };
		298131C22B24BDBB007FB22E /* Main.storyboard in Resources */ = {isa = PBXBuildFile; fileRef = 298131C02B24BDBB007FB22E /* Main.storyboard */; };
		298131C42B24BDBC007FB22E /* Assets.xcassets in Resources */ = {isa = PBXBuildFile; fileRef = 298131C32B24BDBC007FB22E /* Assets.xcassets */; };
		298131C72B24BDBC007FB22E /* LaunchScreen.storyboard in Resources */ = {isa = PBXBuildFile; fileRef = 298131C52B24BDBC007FB22E /* LaunchScreen.storyboard */; };
		298131CF2B24C173007FB22E /* Constants.swift in Sources */ = {isa = PBXBuildFile; fileRef = 298131CE2B24C173007FB22E /* Constants.swift */; };
		298131F72B2531E7007FB22E /* WeatherClass.swift in Sources */ = {isa = PBXBuildFile; fileRef = 298131F62B2531E7007FB22E /* WeatherClass.swift */; };
		D78B1A65ED30954942056978 /* Pods_StockAPIExample.framework in Frameworks */ = {isa = PBXBuildFile; fileRef = FFFC0F24424DC90FF07BB4CD /* Pods_StockAPIExample.framework */; };
/* End PBXBuildFile section */

/* Begin PBXFileReference section */
		298131B72B24BDBB007FB22E /* StockAPIExample.app */ = {isa = PBXFileReference; explicitFileType = wrapper.application; includeInIndex = 0; path = StockAPIExample.app; sourceTree = BUILT_PRODUCTS_DIR; };
		298131BA2B24BDBB007FB22E /* AppDelegate.swift */ = {isa = PBXFileReference; lastKnownFileType = sourcecode.swift; path = AppDelegate.swift; sourceTree = "<group>"; };
		298131BC2B24BDBB007FB22E /* SceneDelegate.swift */ = {isa = PBXFileReference; lastKnownFileType = sourcecode.swift; path = SceneDelegate.swift; sourceTree = "<group>"; };
		298131BE2B24BDBB007FB22E /* ViewController.swift */ = {isa = PBXFileReference; lastKnownFileType = sourcecode.swift; path = ViewController.swift; sourceTree = "<group>"; };
		298131C12B24BDBB007FB22E /* Base */ = {isa = PBXFileReference; lastKnownFileType = file.storyboard; name = Base; path = Base.lproj/Main.storyboard; sourceTree = "<group>"; };
		298131C32B24BDBC007FB22E /* Assets.xcassets */ = {isa = PBXFileReference; lastKnownFileType = folder.assetcatalog; path = Assets.xcassets; sourceTree = "<group>"; };
		298131C62B24BDBC007FB22E /* Base */ = {isa = PBXFileReference; lastKnownFileType = file.storyboard; name = Base; path = Base.lproj/LaunchScreen.storyboard; sourceTree = "<group>"; };
		298131C82B24BDBC007FB22E /* Info.plist */ = {isa = PBXFileReference; lastKnownFileType = text.plist.xml; path = Info.plist; sourceTree = "<group>"; };
		298131CE2B24C173007FB22E /* Constants.swift */ = {isa = PBXFileReference; lastKnownFileType = sourcecode.swift; path = Constants.swift; sourceTree = "<group>"; };
		298131F62B2531E7007FB22E /* WeatherClass.swift */ = {isa = PBXFileReference; lastKnownFileType = sourcecode.swift; path = WeatherClass.swift; sourceTree = "<group>"; };
		65DCF91FE36B2F56A98379D5 /* Pods-StockAPIExample.release.xcconfig */ = {isa = PBXFileReference; includeInIndex = 1; lastKnownFileType = text.xcconfig; name = "Pods-StockAPIExample.release.xcconfig"; path = "Target Support Files/Pods-StockAPIExample/Pods-StockAPIExample.release.xcconfig"; sourceTree = "<group>"; };
		ADF30B2679BBE19EB1B45CA9 /* Pods-StockAPIExample.debug.xcconfig */ = {isa = PBXFileReference; includeInIndex = 1; lastKnownFileType = text.xcconfig; name = "Pods-StockAPIExample.debug.xcconfig"; path = "Target Support Files/Pods-StockAPIExample/Pods-StockAPIExample.debug.xcconfig"; sourceTree = "<group>"; };
		FFFC0F24424DC90FF07BB4CD /* Pods_StockAPIExample.framework */ = {isa = PBXFileReference; explicitFileType = wrapper.framework; includeInIndex = 0; path = Pods_StockAPIExample.framework; sourceTree = BUILT_PRODUCTS_DIR; };
/* End PBXFileReference section */

/* Begin PBXFrameworksBuildPhase section */
		298131B42B24BDBB007FB22E /* Frameworks */ = {
			isa = PBXFrameworksBuildPhase;
			buildActionMask = 2147483647;
			files = (
				D78B1A65ED30954942056978 /* Pods_StockAPIExample.framework in Frameworks */,
			);
			runOnlyForDeploymentPostprocessing = 0;
		};
/* End PBXFrameworksBuildPhase section */

/* Begin PBXGroup section */
		1BD8A02EB4EFB1EE5FF396A2 /* Pods */ = {
			isa = PBXGroup;
			children = (
				ADF30B2679BBE19EB1B45CA9 /* Pods-StockAPIExample.debug.xcconfig */,
				65DCF91FE36B2F56A98379D5 /* Pods-StockAPIExample.release.xcconfig */,
			);
			path = Pods;
			sourceTree = "<group>";
		};
		298131AE2B24BDBB007FB22E = {
			isa = PBXGroup;
			children = (
				298131B92B24BDBB007FB22E /* StockAPIExample */,
				298131B82B24BDBB007FB22E /* Products */,
				1BD8A02EB4EFB1EE5FF396A2 /* Pods */,
				CFA7D5FA584E29F4F64139CA /* Frameworks */,
			);
			sourceTree = "<group>";
		};
		298131B82B24BDBB007FB22E /* Products */ = {
			isa = PBXGroup;
			children = (
				298131B72B24BDBB007FB22E /* StockAPIExample.app */,
			);
			name = Products;
			sourceTree = "<group>";
		};
		298131B92B24BDBB007FB22E /* StockAPIExample */ = {
			isa = PBXGroup;
			children = (
				298131BA2B24BDBB007FB22E /* AppDelegate.swift */,
				298131BC2B24BDBB007FB22E /* SceneDelegate.swift */,
				298131BE2B24BDBB007FB22E /* ViewController.swift */,
				298131C02B24BDBB007FB22E /* Main.storyboard */,
				298131C32B24BDBC007FB22E /* Assets.xcassets */,
				298131C52B24BDBC007FB22E /* LaunchScreen.storyboard */,
				298131C82B24BDBC007FB22E /* Info.plist */,
				298131CE2B24C173007FB22E /* Constants.swift */,
				298131F62B2531E7007FB22E /* WeatherClass.swift */,
			);
			path = StockAPIExample;
			sourceTree = "<group>";
		};
		CFA7D5FA584E29F4F64139CA /* Frameworks */ = {
			isa = PBXGroup;
			children = (
				FFFC0F24424DC90FF07BB4CD /* Pods_StockAPIExample.framework */,
			);
			name = Frameworks;
			sourceTree = "<group>";
		};
/* End PBXGroup section */

/* Begin PBXNativeTarget section */
		298131B62B24BDBB007FB22E /* StockAPIExample */ = {
			isa = PBXNativeTarget;
			buildConfigurationList = 298131CB2B24BDBC007FB22E /* Build configuration list for PBXNativeTarget "StockAPIExample" */;
			buildPhases = (
				57711FF1168169927EEE769F /* [CP] Check Pods Manifest.lock */,
				298131B32B24BDBB007FB22E /* Sources */,
				298131B42B24BDBB007FB22E /* Frameworks */,
				298131B52B24BDBB007FB22E /* Resources */,
				4601B78EBB6C411999299AE1 /* [CP] Embed Pods Frameworks */,
			);
			buildRules = (
			);
			dependencies = (
			);
			name = StockAPIExample;
			productName = StockAPIExample;
			productReference = 298131B72B24BDBB007FB22E /* StockAPIExample.app */;
			productType = "com.apple.product-type.application";
		};
/* End PBXNativeTarget section */

/* Begin PBXProject section */
		298131AF2B24BDBB007FB22E /* Project object */ = {
			isa = PBXProject;
			attributes = {
				BuildIndependentTargetsInParallel = 1;
				LastSwiftUpdateCheck = 1430;
				LastUpgradeCheck = 1430;
				TargetAttributes = {
					298131B62B24BDBB007FB22E = {
						CreatedOnToolsVersion = 14.3.1;
					};
				};
			};
			buildConfigurationList = 298131B22B24BDBB007FB22E /* Build configuration list for PBXProject "StockAPIExample" */;
			compatibilityVersion = "Xcode 14.0";
			developmentRegion = en;
			hasScannedForEncodings = 0;
			knownRegions = (
				en,
				Base,
			);
			mainGroup = 298131AE2B24BDBB007FB22E;
			productRefGroup = 298131B82B24BDBB007FB22E /* Products */;
			projectDirPath = "";
			projectRoot = "";
			targets = (
				298131B62B24BDBB007FB22E /* StockAPIExample */,
			);
		};
/* End PBXProject section */

/* Begin PBXResourcesBuildPhase section */
		298131B52B24BDBB007FB22E /* Resources */ = {
			isa = PBXResourcesBuildPhase;
			buildActionMask = 2147483647;
			files = (
				298131C72B24BDBC007FB22E /* LaunchScreen.storyboard in Resources */,
				298131C42B24BDBC007FB22E /* Assets.xcassets in Resources */,
				298131C22B24BDBB007FB22E /* Main.storyboard in Resources */,
			);
			runOnlyForDeploymentPostprocessing = 0;
		};
/* End PBXResourcesBuildPhase section */

/* Begin PBXShellScriptBuildPhase section */
		4601B78EBB6C411999299AE1 /* [CP] Embed Pods Frameworks */ = {
			isa = PBXShellScriptBuildPhase;
			buildActionMask = 2147483647;
			files = (
			);
			inputFileListPaths = (
				"${PODS_ROOT}/Target Support Files/Pods-StockAPIExample/Pods-StockAPIExample-frameworks-${CONFIGURATION}-input-files.xcfilelist",
			);
			name = "[CP] Embed Pods Frameworks";
			outputFileListPaths = (
				"${PODS_ROOT}/Target Support Files/Pods-StockAPIExample/Pods-StockAPIExample-frameworks-${CONFIGURATION}-output-files.xcfilelist",
			);
			runOnlyForDeploymentPostprocessing = 0;
			shellPath = /bin/sh;
			shellScript = "\"${PODS_ROOT}/Target Support Files/Pods-StockAPIExample/Pods-StockAPIExample-frameworks.sh\"\n";
			showEnvVarsInLog = 0;
		};
		57711FF1168169927EEE769F /* [CP] Check Pods Manifest.lock */ = {
			isa = PBXShellScriptBuildPhase;
			buildActionMask = 2147483647;
			files = (
			);
			inputFileListPaths = (
			);
			inputPaths = (
				"${PODS_PODFILE_DIR_PATH}/Podfile.lock",
				"${PODS_ROOT}/Manifest.lock",
			);
			name = "[CP] Check Pods Manifest.lock";
			outputFileListPaths = (
			);
			outputPaths = (
				"$(DERIVED_FILE_DIR)/Pods-StockAPIExample-checkManifestLockResult.txt",
			);
			runOnlyForDeploymentPostprocessing = 0;
			shellPath = /bin/sh;
			shellScript = "diff \"${PODS_PODFILE_DIR_PATH}/Podfile.lock\" \"${PODS_ROOT}/Manifest.lock\" > /dev/null\nif [ $? != 0 ] ; then\n    # print error to STDERR\n    echo \"error: The sandbox is not in sync with the Podfile.lock. Run 'pod install' or update your CocoaPods installation.\" >&2\n    exit 1\nfi\n# This output is used by Xcode 'outputs' to avoid re-running this script phase.\necho \"SUCCESS\" > \"${SCRIPT_OUTPUT_FILE_0}\"\n";
			showEnvVarsInLog = 0;
		};
/* End PBXShellScriptBuildPhase section */

/* Begin PBXSourcesBuildPhase section */
		298131B32B24BDBB007FB22E /* Sources */ = {
			isa = PBXSourcesBuildPhase;
			buildActionMask = 2147483647;
			files = (
				298131BF2B24BDBB007FB22E /* ViewController.swift in Sources */,
				298131BB2B24BDBB007FB22E /* AppDelegate.swift in Sources */,
				298131F72B2531E7007FB22E /* WeatherClass.swift in Sources */,
				298131BD2B24BDBB007FB22E /* SceneDelegate.swift in Sources */,
				298131CF2B24C173007FB22E /* Constants.swift in Sources */,
			);
			runOnlyForDeploymentPostprocessing = 0;
		};
/* End PBXSourcesBuildPhase section */

/* Begin PBXVariantGroup section */
		298131C02B24BDBB007FB22E /* Main.storyboard */ = {
			isa = PBXVariantGroup;
			children = (
				298131C12B24BDBB007FB22E /* Base */,
			);
			name = Main.storyboard;
			sourceTree = "<group>";
		};
		298131C52B24BDBC007FB22E /* LaunchScreen.storyboard */ = {
			isa = PBXVariantGroup;
			children = (
				298131C62B24BDBC007FB22E /* Base */,
			);
			name = LaunchScreen.storyboard;
			sourceTree = "<group>";
		};
/* End PBXVariantGroup section */

/* Begin XCBuildConfiguration section */
		298131C92B24BDBC007FB22E /* Debug */ = {
			isa = XCBuildConfiguration;
			buildSettings = {
				ALWAYS_SEARCH_USER_PATHS = NO;
				CLANG_ANALYZER_NONNULL = YES;
				CLANG_ANALYZER_NUMBER_OBJECT_CONVERSION = YES_AGGRESSIVE;
				CLANG_CXX_LANGUAGE_STANDARD = "gnu++20";
				CLANG_ENABLE_MODULES = YES;
				CLANG_ENABLE_OBJC_ARC = YES;
				CLANG_ENABLE_OBJC_WEAK = YES;
				CLANG_WARN_BLOCK_CAPTURE_AUTORELEASING = YES;
				CLANG_WARN_BOOL_CONVERSION = YES;
				CLANG_WARN_COMMA = YES;
				CLANG_WARN_CONSTANT_CONVERSION = YES;
				CLANG_WARN_DEPRECATED_OBJC_IMPLEMENTATIONS = YES;
				CLANG_WARN_DIRECT_OBJC_ISA_USAGE = YES_ERROR;
				CLANG_WARN_DOCUMENTATION_COMMENTS = YES;
				CLANG_WARN_EMPTY_BODY = YES;
				CLANG_WARN_ENUM_CONVERSION = YES;
				CLANG_WARN_INFINITE_RECURSION = YES;
				CLANG_WARN_INT_CONVERSION = YES;
				CLANG_WARN_NON_LITERAL_NULL_CONVERSION = YES;
				CLANG_WARN_OBJC_IMPLICIT_RETAIN_SELF = YES;
				CLANG_WARN_OBJC_LITERAL_CONVERSION = YES;
				CLANG_WARN_OBJC_ROOT_CLASS = YES_ERROR;
				CLANG_WARN_QUOTED_INCLUDE_IN_FRAMEWORK_HEADER = YES;
				CLANG_WARN_RANGE_LOOP_ANALYSIS = YES;
				CLANG_WARN_STRICT_PROTOTYPES = YES;
				CLANG_WARN_SUSPICIOUS_MOVE = YES;
				CLANG_WARN_UNGUARDED_AVAILABILITY = YES_AGGRESSIVE;
				CLANG_WARN_UNREACHABLE_CODE = YES;
				CLANG_WARN__DUPLICATE_METHOD_MATCH = YES;
				COPY_PHASE_STRIP = NO;
				DEBUG_INFORMATION_FORMAT = dwarf;
				ENABLE_STRICT_OBJC_MSGSEND = YES;
				ENABLE_TESTABILITY = YES;
				GCC_C_LANGUAGE_STANDARD = gnu11;
				GCC_DYNAMIC_NO_PIC = NO;
				GCC_NO_COMMON_BLOCKS = YES;
				GCC_OPTIMIZATION_LEVEL = 0;
				GCC_PREPROCESSOR_DEFINITIONS = (
					"DEBUG=1",
					"$(inherited)",
				);
				GCC_WARN_64_TO_32_BIT_CONVERSION = YES;
				GCC_WARN_ABOUT_RETURN_TYPE = YES_ERROR;
				GCC_WARN_UNDECLARED_SELECTOR = YES;
				GCC_WARN_UNINITIALIZED_AUTOS = YES_AGGRESSIVE;
				GCC_WARN_UNUSED_FUNCTION = YES;
				GCC_WARN_UNUSED_VARIABLE = YES;
				IPHONEOS_DEPLOYMENT_TARGET = 16.4;
				MTL_ENABLE_DEBUG_INFO = INCLUDE_SOURCE;
				MTL_FAST_MATH = YES;
				ONLY_ACTIVE_ARCH = YES;
				SDKROOT = iphoneos;
				SWIFT_ACTIVE_COMPILATION_CONDITIONS = DEBUG;
				SWIFT_OPTIMIZATION_LEVEL = "-Onone";
			};
			name = Debug;
		};
		298131CA2B24BDBC007FB22E /* Release */ = {
			isa = XCBuildConfiguration;
			buildSettings = {
				ALWAYS_SEARCH_USER_PATHS = NO;
				CLANG_ANALYZER_NONNULL = YES;
				CLANG_ANALYZER_NUMBER_OBJECT_CONVERSION = YES_AGGRESSIVE;
				CLANG_CXX_LANGUAGE_STANDARD = "gnu++20";
				CLANG_ENABLE_MODULES = YES;
				CLANG_ENABLE_OBJC_ARC = YES;
				CLANG_ENABLE_OBJC_WEAK = YES;
				CLANG_WARN_BLOCK_CAPTURE_AUTORELEASING = YES;
				CLANG_WARN_BOOL_CONVERSION = YES;
				CLANG_WARN_COMMA = YES;
				CLANG_WARN_CONSTANT_CONVERSION = YES;
				CLANG_WARN_DEPRECATED_OBJC_IMPLEMENTATIONS = YES;
				CLANG_WARN_DIRECT_OBJC_ISA_USAGE = YES_ERROR;
				CLANG_WARN_DOCUMENTATION_COMMENTS = YES;
				CLANG_WARN_EMPTY_BODY = YES;
				CLANG_WARN_ENUM_CONVERSION = YES;
				CLANG_WARN_INFINITE_RECURSION = YES;
				CLANG_WARN_INT_CONVERSION = YES;
				CLANG_WARN_NON_LITERAL_NULL_CONVERSION = YES;
				CLANG_WARN_OBJC_IMPLICIT_RETAIN_SELF = YES;
				CLANG_WARN_OBJC_LITERAL_CONVERSION = YES;
				CLANG_WARN_OBJC_ROOT_CLASS = YES_ERROR;
				CLANG_WARN_QUOTED_INCLUDE_IN_FRAMEWORK_HEADER = YES;
				CLANG_WARN_RANGE_LOOP_ANALYSIS = YES;
				CLANG_WARN_STRICT_PROTOTYPES = YES;
				CLANG_WARN_SUSPICIOUS_MOVE = YES;
				CLANG_WARN_UNGUARDED_AVAILABILITY = YES_AGGRESSIVE;
				CLANG_WARN_UNREACHABLE_CODE = YES;
				CLANG_WARN__DUPLICATE_METHOD_MATCH = YES;
				COPY_PHASE_STRIP = NO;
				DEBUG_INFORMATION_FORMAT = "dwarf-with-dsym";
				ENABLE_NS_ASSERTIONS = NO;
				ENABLE_STRICT_OBJC_MSGSEND = YES;
				GCC_C_LANGUAGE_STANDARD = gnu11;
				GCC_NO_COMMON_BLOCKS = YES;
				GCC_WARN_64_TO_32_BIT_CONVERSION = YES;
				GCC_WARN_ABOUT_RETURN_TYPE = YES_ERROR;
				GCC_WARN_UNDECLARED_SELECTOR = YES;
				GCC_WARN_UNINITIALIZED_AUTOS = YES_AGGRESSIVE;
				GCC_WARN_UNUSED_FUNCTION = YES;
				GCC_WARN_UNUSED_VARIABLE = YES;
				IPHONEOS_DEPLOYMENT_TARGET = 16.4;
				MTL_ENABLE_DEBUG_INFO = NO;
				MTL_FAST_MATH = YES;
				SDKROOT = iphoneos;
				SWIFT_COMPILATION_MODE = wholemodule;
				SWIFT_OPTIMIZATION_LEVEL = "-O";
				VALIDATE_PRODUCT = YES;
			};
			name = Release;
		};
		298131CC2B24BDBC007FB22E /* Debug */ = {
			isa = XCBuildConfiguration;
			baseConfigurationReference = ADF30B2679BBE19EB1B45CA9 /* Pods-StockAPIExample.debug.xcconfig */;
			buildSettings = {
				ASSETCATALOG_COMPILER_APPICON_NAME = AppIcon;
				ASSETCATALOG_COMPILER_GLOBAL_ACCENT_COLOR_NAME = AccentColor;
				CODE_SIGN_STYLE = Automatic;
				CURRENT_PROJECT_VERSION = 1;
				GENERATE_INFOPLIST_FILE = YES;
				INFOPLIST_FILE = StockAPIExample/Info.plist;
				INFOPLIST_KEY_UIApplicationSupportsIndirectInputEvents = YES;
				INFOPLIST_KEY_UILaunchStoryboardName = LaunchScreen;
				INFOPLIST_KEY_UIMainStoryboardFile = Main;
				INFOPLIST_KEY_UISupportedInterfaceOrientations_iPad = "UIInterfaceOrientationPortrait UIInterfaceOrientationPortraitUpsideDown UIInterfaceOrientationLandscapeLeft UIInterfaceOrientationLandscapeRight";
				INFOPLIST_KEY_UISupportedInterfaceOrientations_iPhone = "UIInterfaceOrientationPortrait UIInterfaceOrientationLandscapeLeft UIInterfaceOrientationLandscapeRight";
				LD_RUNPATH_SEARCH_PATHS = (
					"$(inherited)",
					"@executable_path/Frameworks",
				);
				MARKETING_VERSION = 1.0;
				PRODUCT_BUNDLE_IDENTIFIER = edu.notheaster.lu.StockAPIExample;
				PRODUCT_NAME = "$(TARGET_NAME)";
				SWIFT_EMIT_LOC_STRINGS = YES;
				SWIFT_VERSION = 5.0;
				TARGETED_DEVICE_FAMILY = "1,2";
			};
			name = Debug;
		};
		298131CD2B24BDBC007FB22E /* Release */ = {
			isa = XCBuildConfiguration;
			baseConfigurationReference = 65DCF91FE36B2F56A98379D5 /* Pods-StockAPIExample.release.xcconfig */;
			buildSettings = {
				ASSETCATALOG_COMPILER_APPICON_NAME = AppIcon;
				ASSETCATALOG_COMPILER_GLOBAL_ACCENT_COLOR_NAME = AccentColor;
				CODE_SIGN_STYLE = Automatic;
				CURRENT_PROJECT_VERSION = 1;
				GENERATE_INFOPLIST_FILE = YES;
				INFOPLIST_FILE = StockAPIExample/Info.plist;
				INFOPLIST_KEY_UIApplicationSupportsIndirectInputEvents = YES;
				INFOPLIST_KEY_UILaunchStoryboardName = LaunchScreen;
				INFOPLIST_KEY_UIMainStoryboardFile = Main;
				INFOPLIST_KEY_UISupportedInterfaceOrientations_iPad = "UIInterfaceOrientationPortrait UIInterfaceOrientationPortraitUpsideDown UIInterfaceOrientationLandscapeLeft UIInterfaceOrientationLandscapeRight";
				INFOPLIST_KEY_UISupportedInterfaceOrientations_iPhone = "UIInterfaceOrientationPortrait UIInterfaceOrientationLandscapeLeft UIInterfaceOrientationLandscapeRight";
				LD_RUNPATH_SEARCH_PATHS = (
					"$(inherited)",
					"@executable_path/Frameworks",
				);
				MARKETING_VERSION = 1.0;
				PRODUCT_BUNDLE_IDENTIFIER = edu.notheaster.lu.StockAPIExample;
				PRODUCT_NAME = "$(TARGET_NAME)";
				SWIFT_EMIT_LOC_STRINGS = YES;
				SWIFT_VERSION = 5.0;
				TARGETED_DEVICE_FAMILY = "1,2";
			};
			name = Release;
		};
/* End XCBuildConfiguration section */

/* Begin XCConfigurationList section */
		298131B22B24BDBB007FB22E /* Build configuration list for PBXProject "StockAPIExample" */ = {
			isa = XCConfigurationList;
			buildConfigurations = (
				298131C92B24BDBC007FB22E /* Debug */,
				298131CA2B24BDBC007FB22E /* Release */,
			);
			defaultConfigurationIsVisible = 0;
			defaultConfigurationName = Release;
		};
		298131CB2B24BDBC007FB22E /* Build configuration list for PBXNativeTarget "StockAPIExample" */ = {
			isa = XCConfigurationList;
			buildConfigurations = (
				298131CC2B24BDBC007FB22E /* Debug */,
				298131CD2B24BDBC007FB22E /* Release */,
			);
			defaultConfigurationIsVisible = 0;
			defaultConfigurationName = Release;
		};
/* End XCConfigurationList section */
	};
	rootObject = 298131AF2B24BDBB007FB22E /* Project object */;
}
