// !$*UTF8*$!
{
	archiveVersion = 1;
	classes = {
	};
	objectVersion = 56;
	objects = {

/* Begin PBXBuildFile section */
		294942302AE48D6F000E400F /* AddStockViewController.swift in Sources */ = {isa = PBXBuildFile; fileRef = 2949422F2AE48D6F000E400F /* AddStockViewController.swift */; };
		294942332AE4935B000E400F /* Constants.swift in Sources */ = {isa = PBXBuildFile; fileRef = 294942322AE4935B000E400F /* Constants.swift */; };
		29B6F3D12AE4761200A34B81 /* AppDelegate.swift in Sources */ = {isa = PBXBuildFile; fileRef = 29B6F3D02AE4761200A34B81 /* AppDelegate.swift */; };
		29B6F3D32AE4761200A34B81 /* SceneDelegate.swift in Sources */ = {isa = PBXBuildFile; fileRef = 29B6F3D22AE4761200A34B81 /* SceneDelegate.swift */; };
		29B6F3D52AE4761200A34B81 /* ViewController.swift in Sources */ = {isa = PBXBuildFile; fileRef = 29B6F3D42AE4761200A34B81 /* ViewController.swift */; };
		29B6F3D82AE4761200A34B81 /* Main.storyboard in Resources */ = {isa = PBXBuildFile; fileRef = 29B6F3D62AE4761200A34B81 /* Main.storyboard */; };
		29B6F3DA2AE4761400A34B81 /* Assets.xcassets in Resources */ = {isa = PBXBuildFile; fileRef = 29B6F3D92AE4761400A34B81 /* Assets.xcassets */; };
		29B6F3DD2AE4761400A34B81 /* LaunchScreen.storyboard in Resources */ = {isa = PBXBuildFile; fileRef = 29B6F3DB2AE4761400A34B81 /* LaunchScreen.storyboard */; };
		E5932D5226830AD6AC42A0CC /* Pods_stockApp.framework in Frameworks */ = {isa = PBXBuildFile; fileRef = D836E96A22C9CF1973C1796C /* Pods_stockApp.framework */; };
/* End PBXBuildFile section */

/* Begin PBXFileReference section */
		2949422F2AE48D6F000E400F /* AddStockViewController.swift */ = {isa = PBXFileReference; lastKnownFileType = sourcecode.swift; path = AddStockViewController.swift; sourceTree = "<group>"; };
		294942322AE4935B000E400F /* Constants.swift */ = {isa = PBXFileReference; lastKnownFileType = sourcecode.swift; path = Constants.swift; sourceTree = "<group>"; };
		29B6F3CD2AE4761200A34B81 /* stockApp.app */ = {isa = PBXFileReference; explicitFileType = wrapper.application; includeInIndex = 0; path = stockApp.app; sourceTree = BUILT_PRODUCTS_DIR; };
		29B6F3D02AE4761200A34B81 /* AppDelegate.swift */ = {isa = PBXFileReference; lastKnownFileType = sourcecode.swift; path = AppDelegate.swift; sourceTree = "<group>"; };
		29B6F3D22AE4761200A34B81 /* SceneDelegate.swift */ = {isa = PBXFileReference; lastKnownFileType = sourcecode.swift; path = SceneDelegate.swift; sourceTree = "<group>"; };
		29B6F3D42AE4761200A34B81 /* ViewController.swift */ = {isa = PBXFileReference; lastKnownFileType = sourcecode.swift; path = ViewController.swift; sourceTree = "<group>"; };
		29B6F3D72AE4761200A34B81 /* Base */ = {isa = PBXFileReference; lastKnownFileType = file.storyboard; name = Base; path = Base.lproj/Main.storyboard; sourceTree = "<group>"; };
		29B6F3D92AE4761400A34B81 /* Assets.xcassets */ = {isa = PBXFileReference; lastKnownFileType = folder.assetcatalog; path = Assets.xcassets; sourceTree = "<group>"; };
		29B6F3DC2AE4761400A34B81 /* Base */ = {isa = PBXFileReference; lastKnownFileType = file.storyboard; name = Base; path = Base.lproj/LaunchScreen.storyboard; sourceTree = "<group>"; };
		29B6F3DE2AE4761400A34B81 /* Info.plist */ = {isa = PBXFileReference; lastKnownFileType = text.plist.xml; path = Info.plist; sourceTree = "<group>"; };
		4742CD007A29B2C141A9B2DD /* Pods-stockApp.release.xcconfig */ = {isa = PBXFileReference; includeInIndex = 1; lastKnownFileType = text.xcconfig; name = "Pods-stockApp.release.xcconfig"; path = "Target Support Files/Pods-stockApp/Pods-stockApp.release.xcconfig"; sourceTree = "<group>"; };
		D836E96A22C9CF1973C1796C /* Pods_stockApp.framework */ = {isa = PBXFileReference; explicitFileType = wrapper.framework; includeInIndex = 0; path = Pods_stockApp.framework; sourceTree = BUILT_PRODUCTS_DIR; };
		EF93967EA3338766D53ED6B8 /* Pods-stockApp.debug.xcconfig */ = {isa = PBXFileReference; includeInIndex = 1; lastKnownFileType = text.xcconfig; name = "Pods-stockApp.debug.xcconfig"; path = "Target Support Files/Pods-stockApp/Pods-stockApp.debug.xcconfig"; sourceTree = "<group>"; };
/* End PBXFileReference section */

/* Begin PBXFrameworksBuildPhase section */
		29B6F3CA2AE4761200A34B81 /* Frameworks */ = {
			isa = PBXFrameworksBuildPhase;
			buildActionMask = 2147483647;
			files = (
				E5932D5226830AD6AC42A0CC /* Pods_stockApp.framework in Frameworks */,
			);
			runOnlyForDeploymentPostprocessing = 0;
		};
/* End PBXFrameworksBuildPhase section */

/* Begin PBXGroup section */
		1E358E976C4733A588CCED60 /* Pods */ = {
			isa = PBXGroup;
			children = (
				EF93967EA3338766D53ED6B8 /* Pods-stockApp.debug.xcconfig */,
				4742CD007A29B2C141A9B2DD /* Pods-stockApp.release.xcconfig */,
			);
			path = Pods;
			sourceTree = "<group>";
		};
		294942312AE49331000E400F /* Utils */ = {
			isa = PBXGroup;
			children = (
				294942322AE4935B000E400F /* Constants.swift */,
			);
			path = Utils;
			sourceTree = "<group>";
		};
		29B6F3C42AE4761100A34B81 = {
			isa = PBXGroup;
			children = (
				29B6F3CF2AE4761200A34B81 /* stockApp */,
				29B6F3CE2AE4761200A34B81 /* Products */,
				1E358E976C4733A588CCED60 /* Pods */,
				F0FB9F67581E273F99AD0109 /* Frameworks */,
			);
			sourceTree = "<group>";
		};
		29B6F3CE2AE4761200A34B81 /* Products */ = {
			isa = PBXGroup;
			children = (
				29B6F3CD2AE4761200A34B81 /* stockApp.app */,
			);
			name = Products;
			sourceTree = "<group>";
		};
		29B6F3CF2AE4761200A34B81 /* stockApp */ = {
			isa = PBXGroup;
			children = (
				294942312AE49331000E400F /* Utils */,
				29B6F3D02AE4761200A34B81 /* AppDelegate.swift */,
				29B6F3D22AE4761200A34B81 /* SceneDelegate.swift */,
				29B6F3D42AE4761200A34B81 /* ViewController.swift */,
				29B6F3D62AE4761200A34B81 /* Main.storyboard */,
				29B6F3D92AE4761400A34B81 /* Assets.xcassets */,
				29B6F3DB2AE4761400A34B81 /* LaunchScreen.storyboard */,
				29B6F3DE2AE4761400A34B81 /* Info.plist */,
				2949422F2AE48D6F000E400F /* AddStockViewController.swift */,
			);
			path = stockApp;
			sourceTree = "<group>";
		};
		F0FB9F67581E273F99AD0109 /* Frameworks */ = {
			isa = PBXGroup;
			children = (
				D836E96A22C9CF1973C1796C /* Pods_stockApp.framework */,
			);
			name = Frameworks;
			sourceTree = "<group>";
		};
/* End PBXGroup section */

/* Begin PBXNativeTarget section */
		29B6F3CC2AE4761200A34B81 /* stockApp */ = {
			isa = PBXNativeTarget;
			buildConfigurationList = 29B6F3E12AE4761400A34B81 /* Build configuration list for PBXNativeTarget "stockApp" */;
			buildPhases = (
				E888260B0D6DC9503A0C06F4 /* [CP] Check Pods Manifest.lock */,
				29B6F3C92AE4761200A34B81 /* Sources */,
				29B6F3CA2AE4761200A34B81 /* Frameworks */,
				29B6F3CB2AE4761200A34B81 /* Resources */,
				0807F64B0DC6ABFDAA798774 /* [CP] Embed Pods Frameworks */,
			);
			buildRules = (
			);
			dependencies = (
			);
			name = stockApp;
			productName = stockApp;
			productReference = 29B6F3CD2AE4761200A34B81 /* stockApp.app */;
			productType = "com.apple.product-type.application";
		};
/* End PBXNativeTarget section */

/* Begin PBXProject section */
		29B6F3C52AE4761100A34B81 /* Project object */ = {
			isa = PBXProject;
			attributes = {
				BuildIndependentTargetsInParallel = 1;
				LastSwiftUpdateCheck = 1430;
				LastUpgradeCheck = 1430;
				TargetAttributes = {
					29B6F3CC2AE4761200A34B81 = {
						CreatedOnToolsVersion = 14.3.1;
					};
				};
			};
			buildConfigurationList = 29B6F3C82AE4761100A34B81 /* Build configuration list for PBXProject "stockApp" */;
			compatibilityVersion = "Xcode 14.0";
			developmentRegion = en;
			hasScannedForEncodings = 0;
			knownRegions = (
				en,
				Base,
			);
			mainGroup = 29B6F3C42AE4761100A34B81;
			productRefGroup = 29B6F3CE2AE4761200A34B81 /* Products */;
			projectDirPath = "";
			projectRoot = "";
			targets = (
				29B6F3CC2AE4761200A34B81 /* stockApp */,
			);
		};
/* End PBXProject section */

/* Begin PBXResourcesBuildPhase section */
		29B6F3CB2AE4761200A34B81 /* Resources */ = {
			isa = PBXResourcesBuildPhase;
			buildActionMask = 2147483647;
			files = (
				29B6F3DD2AE4761400A34B81 /* LaunchScreen.storyboard in Resources */,
				29B6F3DA2AE4761400A34B81 /* Assets.xcassets in Resources */,
				29B6F3D82AE4761200A34B81 /* Main.storyboard in Resources */,
			);
			runOnlyForDeploymentPostprocessing = 0;
		};
/* End PBXResourcesBuildPhase section */

/* Begin PBXShellScriptBuildPhase section */
		0807F64B0DC6ABFDAA798774 /* [CP] Embed Pods Frameworks */ = {
			isa = PBXShellScriptBuildPhase;
			buildActionMask = 2147483647;
			files = (
			);
			inputFileListPaths = (
				"${PODS_ROOT}/Target Support Files/Pods-stockApp/Pods-stockApp-frameworks-${CONFIGURATION}-input-files.xcfilelist",
			);
			name = "[CP] Embed Pods Frameworks";
			outputFileListPaths = (
				"${PODS_ROOT}/Target Support Files/Pods-stockApp/Pods-stockApp-frameworks-${CONFIGURATION}-output-files.xcfilelist",
			);
			runOnlyForDeploymentPostprocessing = 0;
			shellPath = /bin/sh;
			shellScript = "\"${PODS_ROOT}/Target Support Files/Pods-stockApp/Pods-stockApp-frameworks.sh\"\n";
			showEnvVarsInLog = 0;
		};
		E888260B0D6DC9503A0C06F4 /* [CP] Check Pods Manifest.lock */ = {
			isa = PBXShellScriptBuildPhase;
			buildActionMask = 2147483647;
			files = (
			);
			inputFileListPaths = (
			);
			inputPaths = (
				"${PODS_PODFILE_DIR_PATH}/Podfile.lock",
				"${PODS_ROOT}/Manifest.lock",
			);
			name = "[CP] Check Pods Manifest.lock";
			outputFileListPaths = (
			);
			outputPaths = (
				"$(DERIVED_FILE_DIR)/Pods-stockApp-checkManifestLockResult.txt",
			);
			runOnlyForDeploymentPostprocessing = 0;
			shellPath = /bin/sh;
			shellScript = "diff \"${PODS_PODFILE_DIR_PATH}/Podfile.lock\" \"${PODS_ROOT}/Manifest.lock\" > /dev/null\nif [ $? != 0 ] ; then\n    # print error to STDERR\n    echo \"error: The sandbox is not in sync with the Podfile.lock. Run 'pod install' or update your CocoaPods installation.\" >&2\n    exit 1\nfi\n# This output is used by Xcode 'outputs' to avoid re-running this script phase.\necho \"SUCCESS\" > \"${SCRIPT_OUTPUT_FILE_0}\"\n";
			showEnvVarsInLog = 0;
		};
/* End PBXShellScriptBuildPhase section */

/* Begin PBXSourcesBuildPhase section */
		29B6F3C92AE4761200A34B81 /* Sources */ = {
			isa = PBXSourcesBuildPhase;
			buildActionMask = 2147483647;
			files = (
				294942332AE4935B000E400F /* Constants.swift in Sources */,
				29B6F3D52AE4761200A34B81 /* ViewController.swift in Sources */,
				29B6F3D12AE4761200A34B81 /* AppDelegate.swift in Sources */,
				29B6F3D32AE4761200A34B81 /* SceneDelegate.swift in Sources */,
				294942302AE48D6F000E400F /* AddStockViewController.swift in Sources */,
			);
			runOnlyForDeploymentPostprocessing = 0;
		};
/* End PBXSourcesBuildPhase section */

/* Begin PBXVariantGroup section */
		29B6F3D62AE4761200A34B81 /* Main.storyboard */ = {
			isa = PBXVariantGroup;
			children = (
				29B6F3D72AE4761200A34B81 /* Base */,
			);
			name = Main.storyboard;
			sourceTree = "<group>";
		};
		29B6F3DB2AE4761400A34B81 /* LaunchScreen.storyboard */ = {
			isa = PBXVariantGroup;
			children = (
				29B6F3DC2AE4761400A34B81 /* Base */,
			);
			name = LaunchScreen.storyboard;
			sourceTree = "<group>";
		};
/* End PBXVariantGroup section */

/* Begin XCBuildConfiguration section */
		29B6F3DF2AE4761400A34B81 /* Debug */ = {
			isa = XCBuildConfiguration;
			buildSettings = {
				ALWAYS_SEARCH_USER_PATHS = NO;
				CLANG_ANALYZER_NONNULL = YES;
				CLANG_ANALYZER_NUMBER_OBJECT_CONVERSION = YES_AGGRESSIVE;
				CLANG_CXX_LANGUAGE_STANDARD = "gnu++20";
				CLANG_ENABLE_MODULES = YES;
				CLANG_ENABLE_OBJC_ARC = YES;
				CLANG_ENABLE_OBJC_WEAK = YES;
				CLANG_WARN_BLOCK_CAPTURE_AUTORELEASING = YES;
				CLANG_WARN_BOOL_CONVERSION = YES;
				CLANG_WARN_COMMA = YES;
				CLANG_WARN_CONSTANT_CONVERSION = YES;
				CLANG_WARN_DEPRECATED_OBJC_IMPLEMENTATIONS = YES;
				CLANG_WARN_DIRECT_OBJC_ISA_USAGE = YES_ERROR;
				CLANG_WARN_DOCUMENTATION_COMMENTS = YES;
				CLANG_WARN_EMPTY_BODY = YES;
				CLANG_WARN_ENUM_CONVERSION = YES;
				CLANG_WARN_INFINITE_RECURSION = YES;
				CLANG_WARN_INT_CONVERSION = YES;
				CLANG_WARN_NON_LITERAL_NULL_CONVERSION = YES;
				CLANG_WARN_OBJC_IMPLICIT_RETAIN_SELF = YES;
				CLANG_WARN_OBJC_LITERAL_CONVERSION = YES;
				CLANG_WARN_OBJC_ROOT_CLASS = YES_ERROR;
				CLANG_WARN_QUOTED_INCLUDE_IN_FRAMEWORK_HEADER = YES;
				CLANG_WARN_RANGE_LOOP_ANALYSIS = YES;
				CLANG_WARN_STRICT_PROTOTYPES = YES;
				CLANG_WARN_SUSPICIOUS_MOVE = YES;
				CLANG_WARN_UNGUARDED_AVAILABILITY = YES_AGGRESSIVE;
				CLANG_WARN_UNREACHABLE_CODE = YES;
				CLANG_WARN__DUPLICATE_METHOD_MATCH = YES;
				COPY_PHASE_STRIP = NO;
				DEBUG_INFORMATION_FORMAT = dwarf;
				ENABLE_STRICT_OBJC_MSGSEND = YES;
				ENABLE_TESTABILITY = YES;
				GCC_C_LANGUAGE_STANDARD = gnu11;
				GCC_DYNAMIC_NO_PIC = NO;
				GCC_NO_COMMON_BLOCKS = YES;
				GCC_OPTIMIZATION_LEVEL = 0;
				GCC_PREPROCESSOR_DEFINITIONS = (
					"DEBUG=1",
					"$(inherited)",
				);
				GCC_WARN_64_TO_32_BIT_CONVERSION = YES;
				GCC_WARN_ABOUT_RETURN_TYPE = YES_ERROR;
				GCC_WARN_UNDECLARED_SELECTOR = YES;
				GCC_WARN_UNINITIALIZED_AUTOS = YES_AGGRESSIVE;
				GCC_WARN_UNUSED_FUNCTION = YES;
				GCC_WARN_UNUSED_VARIABLE = YES;
				IPHONEOS_DEPLOYMENT_TARGET = 16.4;
				MTL_ENABLE_DEBUG_INFO = INCLUDE_SOURCE;
				MTL_FAST_MATH = YES;
				ONLY_ACTIVE_ARCH = YES;
				SDKROOT = iphoneos;
				SWIFT_ACTIVE_COMPILATION_CONDITIONS = DEBUG;
				SWIFT_OPTIMIZATION_LEVEL = "-Onone";
			};
			name = Debug;
		};
		29B6F3E02AE4761400A34B81 /* Release */ = {
			isa = XCBuildConfiguration;
			buildSettings = {
				ALWAYS_SEARCH_USER_PATHS = NO;
				CLANG_ANALYZER_NONNULL = YES;
				CLANG_ANALYZER_NUMBER_OBJECT_CONVERSION = YES_AGGRESSIVE;
				CLANG_CXX_LANGUAGE_STANDARD = "gnu++20";
				CLANG_ENABLE_MODULES = YES;
				CLANG_ENABLE_OBJC_ARC = YES;
				CLANG_ENABLE_OBJC_WEAK = YES;
				CLANG_WARN_BLOCK_CAPTURE_AUTORELEASING = YES;
				CLANG_WARN_BOOL_CONVERSION = YES;
				CLANG_WARN_COMMA = YES;
				CLANG_WARN_CONSTANT_CONVERSION = YES;
				CLANG_WARN_DEPRECATED_OBJC_IMPLEMENTATIONS = YES;
				CLANG_WARN_DIRECT_OBJC_ISA_USAGE = YES_ERROR;
				CLANG_WARN_DOCUMENTATION_COMMENTS = YES;
				CLANG_WARN_EMPTY_BODY = YES;
				CLANG_WARN_ENUM_CONVERSION = YES;
				CLANG_WARN_INFINITE_RECURSION = YES;
				CLANG_WARN_INT_CONVERSION = YES;
				CLANG_WARN_NON_LITERAL_NULL_CONVERSION = YES;
				CLANG_WARN_OBJC_IMPLICIT_RETAIN_SELF = YES;
				CLANG_WARN_OBJC_LITERAL_CONVERSION = YES;
				CLANG_WARN_OBJC_ROOT_CLASS = YES_ERROR;
				CLANG_WARN_QUOTED_INCLUDE_IN_FRAMEWORK_HEADER = YES;
				CLANG_WARN_RANGE_LOOP_ANALYSIS = YES;
				CLANG_WARN_STRICT_PROTOTYPES = YES;
				CLANG_WARN_SUSPICIOUS_MOVE = YES;
				CLANG_WARN_UNGUARDED_AVAILABILITY = YES_AGGRESSIVE;
				CLANG_WARN_UNREACHABLE_CODE = YES;
				CLANG_WARN__DUPLICATE_METHOD_MATCH = YES;
				COPY_PHASE_STRIP = NO;
				DEBUG_INFORMATION_FORMAT = "dwarf-with-dsym";
				ENABLE_NS_ASSERTIONS = NO;
				ENABLE_STRICT_OBJC_MSGSEND = YES;
				GCC_C_LANGUAGE_STANDARD = gnu11;
				GCC_NO_COMMON_BLOCKS = YES;
				GCC_WARN_64_TO_32_BIT_CONVERSION = YES;
				GCC_WARN_ABOUT_RETURN_TYPE = YES_ERROR;
				GCC_WARN_UNDECLARED_SELECTOR = YES;
				GCC_WARN_UNINITIALIZED_AUTOS = YES_AGGRESSIVE;
				GCC_WARN_UNUSED_FUNCTION = YES;
				GCC_WARN_UNUSED_VARIABLE = YES;
				IPHONEOS_DEPLOYMENT_TARGET = 16.4;
				MTL_ENABLE_DEBUG_INFO = NO;
				MTL_FAST_MATH = YES;
				SDKROOT = iphoneos;
				SWIFT_COMPILATION_MODE = wholemodule;
				SWIFT_OPTIMIZATION_LEVEL = "-O";
				VALIDATE_PRODUCT = YES;
			};
			name = Release;
		};
		29B6F3E22AE4761400A34B81 /* Debug */ = {
			isa = XCBuildConfiguration;
			baseConfigurationReference = EF93967EA3338766D53ED6B8 /* Pods-stockApp.debug.xcconfig */;
			buildSettings = {
				ASSETCATALOG_COMPILER_APPICON_NAME = AppIcon;
				ASSETCATALOG_COMPILER_GLOBAL_ACCENT_COLOR_NAME = AccentColor;
				CODE_SIGN_STYLE = Automatic;
				CURRENT_PROJECT_VERSION = 1;
				GENERATE_INFOPLIST_FILE = YES;
				INFOPLIST_FILE = stockApp/Info.plist;
				INFOPLIST_KEY_UIApplicationSupportsIndirectInputEvents = YES;
				INFOPLIST_KEY_UILaunchStoryboardName = LaunchScreen;
				INFOPLIST_KEY_UIMainStoryboardFile = Main;
				INFOPLIST_KEY_UISupportedInterfaceOrientations_iPad = "UIInterfaceOrientationPortrait UIInterfaceOrientationPortraitUpsideDown UIInterfaceOrientationLandscapeLeft UIInterfaceOrientationLandscapeRight";
				INFOPLIST_KEY_UISupportedInterfaceOrientations_iPhone = "UIInterfaceOrientationPortrait UIInterfaceOrientationLandscapeLeft UIInterfaceOrientationLandscapeRight";
				LD_RUNPATH_SEARCH_PATHS = (
					"$(inherited)",
					"@executable_path/Frameworks",
				);
				MARKETING_VERSION = 1.0;
				PRODUCT_BUNDLE_IDENTIFIER = edu.notheaster.lu.stockApp;
				PRODUCT_NAME = "$(TARGET_NAME)";
				SWIFT_EMIT_LOC_STRINGS = YES;
				SWIFT_VERSION = 5.0;
				TARGETED_DEVICE_FAMILY = "1,2";
			};
			name = Debug;
		};
		29B6F3E32AE4761400A34B81 /* Release */ = {
			isa = XCBuildConfiguration;
			baseConfigurationReference = 4742CD007A29B2C141A9B2DD /* Pods-stockApp.release.xcconfig */;
			buildSettings = {
				ASSETCATALOG_COMPILER_APPICON_NAME = AppIcon;
				ASSETCATALOG_COMPILER_GLOBAL_ACCENT_COLOR_NAME = AccentColor;
				CODE_SIGN_STYLE = Automatic;
				CURRENT_PROJECT_VERSION = 1;
				GENERATE_INFOPLIST_FILE = YES;
				INFOPLIST_FILE = stockApp/Info.plist;
				INFOPLIST_KEY_UIApplicationSupportsIndirectInputEvents = YES;
				INFOPLIST_KEY_UILaunchStoryboardName = LaunchScreen;
				INFOPLIST_KEY_UIMainStoryboardFile = Main;
				INFOPLIST_KEY_UISupportedInterfaceOrientations_iPad = "UIInterfaceOrientationPortrait UIInterfaceOrientationPortraitUpsideDown UIInterfaceOrientationLandscapeLeft UIInterfaceOrientationLandscapeRight";
				INFOPLIST_KEY_UISupportedInterfaceOrientations_iPhone = "UIInterfaceOrientationPortrait UIInterfaceOrientationLandscapeLeft UIInterfaceOrientationLandscapeRight";
				LD_RUNPATH_SEARCH_PATHS = (
					"$(inherited)",
					"@executable_path/Frameworks",
				);
				MARKETING_VERSION = 1.0;
				PRODUCT_BUNDLE_IDENTIFIER = edu.notheaster.lu.stockApp;
				PRODUCT_NAME = "$(TARGET_NAME)";
				SWIFT_EMIT_LOC_STRINGS = YES;
				SWIFT_VERSION = 5.0;
				TARGETED_DEVICE_FAMILY = "1,2";
			};
			name = Release;
		};
/* End XCBuildConfiguration section */

/* Begin XCConfigurationList section */
		29B6F3C82AE4761100A34B81 /* Build configuration list for PBXProject "stockApp" */ = {
			isa = XCConfigurationList;
			buildConfigurations = (
				29B6F3DF2AE4761400A34B81 /* Debug */,
				29B6F3E02AE4761400A34B81 /* Release */,
			);
			defaultConfigurationIsVisible = 0;
			defaultConfigurationName = Release;
		};
		29B6F3E12AE4761400A34B81 /* Build configuration list for PBXNativeTarget "stockApp" */ = {
			isa = XCConfigurationList;
			buildConfigurations = (
				29B6F3E22AE4761400A34B81 /* Debug */,
				29B6F3E32AE4761400A34B81 /* Release */,
			);
			defaultConfigurationIsVisible = 0;
			defaultConfigurationName = Release;
		};
/* End XCConfigurationList section */
	};
	rootObject = 29B6F3C52AE4761100A34B81 /* Project object */;
}
