// !$*UTF8*$!
{
	archiveVersion = 1;
	classes = {
	};
	objectVersion = 56;
	objects = {

/* Begin PBXBuildFile section */
		298131972B24B086007FB22E /* AppDelegate.swift in Sources */ = {isa = PBXBuildFile; fileRef = 298131962B24B086007FB22E /* AppDelegate.swift */; };
		298131992B24B086007FB22E /* SceneDelegate.swift in Sources */ = {isa = PBXBuildFile; fileRef = 298131982B24B086007FB22E /* SceneDelegate.swift */; };
		2981319B2B24B086007FB22E /* ViewController.swift in Sources */ = {isa = PBXBuildFile; fileRef = 2981319A2B24B086007FB22E /* ViewController.swift */; };
		2981319E2B24B086007FB22E /* Main.storyboard in Resources */ = {isa = PBXBuildFile; fileRef = 2981319C2B24B086007FB22E /* Main.storyboard */; };
		298131A02B24B087007FB22E /* Assets.xcassets in Resources */ = {isa = PBXBuildFile; fileRef = 2981319F2B24B087007FB22E /* Assets.xcassets */; };
		298131A32B24B087007FB22E /* LaunchScreen.storyboard in Resources */ = {isa = PBXBuildFile; fileRef = 298131A12B24B087007FB22E /* LaunchScreen.storyboard */; };
		298131AB2B24B24C007FB22E /* NamePhoneNumberViewController.swift in Sources */ = {isa = PBXBuildFile; fileRef = 298131AA2B24B24C007FB22E /* NamePhoneNumberViewController.swift */; };
		298131AD2B24B640007FB22E /* SendNamePhoneNumberDelegate.swift in Sources */ = {isa = PBXBuildFile; fileRef = 298131AC2B24B640007FB22E /* SendNamePhoneNumberDelegate.swift */; };
/* End PBXBuildFile section */

/* Begin PBXFileReference section */
		298131932B24B086007FB22E /* NamePhoneNumberProtocolDelegate.app */ = {isa = PBXFileReference; explicitFileType = wrapper.application; includeInIndex = 0; path = NamePhoneNumberProtocolDelegate.app; sourceTree = BUILT_PRODUCTS_DIR; };
		298131962B24B086007FB22E /* AppDelegate.swift */ = {isa = PBXFileReference; lastKnownFileType = sourcecode.swift; path = AppDelegate.swift; sourceTree = "<group>"; };
		298131982B24B086007FB22E /* SceneDelegate.swift */ = {isa = PBXFileReference; lastKnownFileType = sourcecode.swift; path = SceneDelegate.swift; sourceTree = "<group>"; };
		2981319A2B24B086007FB22E /* ViewController.swift */ = {isa = PBXFileReference; lastKnownFileType = sourcecode.swift; path = ViewController.swift; sourceTree = "<group>"; };
		2981319D2B24B086007FB22E /* Base */ = {isa = PBXFileReference; lastKnownFileType = file.storyboard; name = Base; path = Base.lproj/Main.storyboard; sourceTree = "<group>"; };
		2981319F2B24B087007FB22E /* Assets.xcassets */ = {isa = PBXFileReference; lastKnownFileType = folder.assetcatalog; path = Assets.xcassets; sourceTree = "<group>"; };
		298131A22B24B087007FB22E /* Base */ = {isa = PBXFileReference; lastKnownFileType = file.storyboard; name = Base; path = Base.lproj/LaunchScreen.storyboard; sourceTree = "<group>"; };
		298131A42B24B087007FB22E /* Info.plist */ = {isa = PBXFileReference; lastKnownFileType = text.plist.xml; path = Info.plist; sourceTree = "<group>"; };
		298131AA2B24B24C007FB22E /* NamePhoneNumberViewController.swift */ = {isa = PBXFileReference; lastKnownFileType = sourcecode.swift; path = NamePhoneNumberViewController.swift; sourceTree = "<group>"; };
		298131AC2B24B640007FB22E /* SendNamePhoneNumberDelegate.swift */ = {isa = PBXFileReference; lastKnownFileType = sourcecode.swift; path = SendNamePhoneNumberDelegate.swift; sourceTree = "<group>"; };
/* End PBXFileReference section */

/* Begin PBXFrameworksBuildPhase section */
		298131902B24B086007FB22E /* Frameworks */ = {
			isa = PBXFrameworksBuildPhase;
			buildActionMask = 2147483647;
			files = (
			);
			runOnlyForDeploymentPostprocessing = 0;
		};
/* End PBXFrameworksBuildPhase section */

/* Begin PBXGroup section */
		2981318A2B24B086007FB22E = {
			isa = PBXGroup;
			children = (
				298131952B24B086007FB22E /* NamePhoneNumberProtocolDelegate */,
				298131942B24B086007FB22E /* Products */,
			);
			sourceTree = "<group>";
		};
		298131942B24B086007FB22E /* Products */ = {
			isa = PBXGroup;
			children = (
				298131932B24B086007FB22E /* NamePhoneNumberProtocolDelegate.app */,
			);
			name = Products;
			sourceTree = "<group>";
		};
		298131952B24B086007FB22E /* NamePhoneNumberProtocolDelegate */ = {
			isa = PBXGroup;
			children = (
				298131962B24B086007FB22E /* AppDelegate.swift */,
				298131982B24B086007FB22E /* SceneDelegate.swift */,
				2981319A2B24B086007FB22E /* ViewController.swift */,
				2981319C2B24B086007FB22E /* Main.storyboard */,
				2981319F2B24B087007FB22E /* Assets.xcassets */,
				298131A12B24B087007FB22E /* LaunchScreen.storyboard */,
				298131A42B24B087007FB22E /* Info.plist */,
				298131AA2B24B24C007FB22E /* NamePhoneNumberViewController.swift */,
				298131AC2B24B640007FB22E /* SendNamePhoneNumberDelegate.swift */,
			);
			path = NamePhoneNumberProtocolDelegate;
			sourceTree = "<group>";
		};
/* End PBXGroup section */

/* Begin PBXNativeTarget section */
		298131922B24B086007FB22E /* NamePhoneNumberProtocolDelegate */ = {
			isa = PBXNativeTarget;
			buildConfigurationList = 298131A72B24B087007FB22E /* Build configuration list for PBXNativeTarget "NamePhoneNumberProtocolDelegate" */;
			buildPhases = (
				2981318F2B24B086007FB22E /* Sources */,
				298131902B24B086007FB22E /* Frameworks */,
				298131912B24B086007FB22E /* Resources */,
			);
			buildRules = (
			);
			dependencies = (
			);
			name = NamePhoneNumberProtocolDelegate;
			productName = NamePhoneNumberProtocolDelegate;
			productReference = 298131932B24B086007FB22E /* NamePhoneNumberProtocolDelegate.app */;
			productType = "com.apple.product-type.application";
		};
/* End PBXNativeTarget section */

/* Begin PBXProject section */
		2981318B2B24B086007FB22E /* Project object */ = {
			isa = PBXProject;
			attributes = {
				BuildIndependentTargetsInParallel = 1;
				LastSwiftUpdateCheck = 1430;
				LastUpgradeCheck = 1430;
				TargetAttributes = {
					298131922B24B086007FB22E = {
						CreatedOnToolsVersion = 14.3.1;
					};
				};
			};
			buildConfigurationList = 2981318E2B24B086007FB22E /* Build configuration list for PBXProject "NamePhoneNumberProtocolDelegate" */;
			compatibilityVersion = "Xcode 14.0";
			developmentRegion = en;
			hasScannedForEncodings = 0;
			knownRegions = (
				en,
				Base,
			);
			mainGroup = 2981318A2B24B086007FB22E;
			productRefGroup = 298131942B24B086007FB22E /* Products */;
			projectDirPath = "";
			projectRoot = "";
			targets = (
				298131922B24B086007FB22E /* NamePhoneNumberProtocolDelegate */,
			);
		};
/* End PBXProject section */

/* Begin PBXResourcesBuildPhase section */
		298131912B24B086007FB22E /* Resources */ = {
			isa = PBXResourcesBuildPhase;
			buildActionMask = 2147483647;
			files = (
				298131A32B24B087007FB22E /* LaunchScreen.storyboard in Resources */,
				298131A02B24B087007FB22E /* Assets.xcassets in Resources */,
				2981319E2B24B086007FB22E /* Main.storyboard in Resources */,
			);
			runOnlyForDeploymentPostprocessing = 0;
		};
/* End PBXResourcesBuildPhase section */

/* Begin PBXSourcesBuildPhase section */
		2981318F2B24B086007FB22E /* Sources */ = {
			isa = PBXSourcesBuildPhase;
			buildActionMask = 2147483647;
			files = (
				2981319B2B24B086007FB22E /* ViewController.swift in Sources */,
				298131AD2B24B640007FB22E /* SendNamePhoneNumberDelegate.swift in Sources */,
				298131AB2B24B24C007FB22E /* NamePhoneNumberViewController.swift in Sources */,
				298131972B24B086007FB22E /* AppDelegate.swift in Sources */,
				298131992B24B086007FB22E /* SceneDelegate.swift in Sources */,
			);
			runOnlyForDeploymentPostprocessing = 0;
		};
/* End PBXSourcesBuildPhase section */

/* Begin PBXVariantGroup section */
		2981319C2B24B086007FB22E /* Main.storyboard */ = {
			isa = PBXVariantGroup;
			children = (
				2981319D2B24B086007FB22E /* Base */,
			);
			name = Main.storyboard;
			sourceTree = "<group>";
		};
		298131A12B24B087007FB22E /* LaunchScreen.storyboard */ = {
			isa = PBXVariantGroup;
			children = (
				298131A22B24B087007FB22E /* Base */,
			);
			name = LaunchScreen.storyboard;
			sourceTree = "<group>";
		};
/* End PBXVariantGroup section */

/* Begin XCBuildConfiguration section */
		298131A52B24B087007FB22E /* Debug */ = {
			isa = XCBuildConfiguration;
			buildSettings = {
				ALWAYS_SEARCH_USER_PATHS = NO;
				CLANG_ANALYZER_NONNULL = YES;
				CLANG_ANALYZER_NUMBER_OBJECT_CONVERSION = YES_AGGRESSIVE;
				CLANG_CXX_LANGUAGE_STANDARD = "gnu++20";
				CLANG_ENABLE_MODULES = YES;
				CLANG_ENABLE_OBJC_ARC = YES;
				CLANG_ENABLE_OBJC_WEAK = YES;
				CLANG_WARN_BLOCK_CAPTURE_AUTORELEASING = YES;
				CLANG_WARN_BOOL_CONVERSION = YES;
				CLANG_WARN_COMMA = YES;
				CLANG_WARN_CONSTANT_CONVERSION = YES;
				CLANG_WARN_DEPRECATED_OBJC_IMPLEMENTATIONS = YES;
				CLANG_WARN_DIRECT_OBJC_ISA_USAGE = YES_ERROR;
				CLANG_WARN_DOCUMENTATION_COMMENTS = YES;
				CLANG_WARN_EMPTY_BODY = YES;
				CLANG_WARN_ENUM_CONVERSION = YES;
				CLANG_WARN_INFINITE_RECURSION = YES;
				CLANG_WARN_INT_CONVERSION = YES;
				CLANG_WARN_NON_LITERAL_NULL_CONVERSION = YES;
				CLANG_WARN_OBJC_IMPLICIT_RETAIN_SELF = YES;
				CLANG_WARN_OBJC_LITERAL_CONVERSION = YES;
				CLANG_WARN_OBJC_ROOT_CLASS = YES_ERROR;
				CLANG_WARN_QUOTED_INCLUDE_IN_FRAMEWORK_HEADER = YES;
				CLANG_WARN_RANGE_LOOP_ANALYSIS = YES;
				CLANG_WARN_STRICT_PROTOTYPES = YES;
				CLANG_WARN_SUSPICIOUS_MOVE = YES;
				CLANG_WARN_UNGUARDED_AVAILABILITY = YES_AGGRESSIVE;
				CLANG_WARN_UNREACHABLE_CODE = YES;
				CLANG_WARN__DUPLICATE_METHOD_MATCH = YES;
				COPY_PHASE_STRIP = NO;
				DEBUG_INFORMATION_FORMAT = dwarf;
				ENABLE_STRICT_OBJC_MSGSEND = YES;
				ENABLE_TESTABILITY = YES;
				GCC_C_LANGUAGE_STANDARD = gnu11;
				GCC_DYNAMIC_NO_PIC = NO;
				GCC_NO_COMMON_BLOCKS = YES;
				GCC_OPTIMIZATION_LEVEL = 0;
				GCC_PREPROCESSOR_DEFINITIONS = (
					"DEBUG=1",
					"$(inherited)",
				);
				GCC_WARN_64_TO_32_BIT_CONVERSION = YES;
				GCC_WARN_ABOUT_RETURN_TYPE = YES_ERROR;
				GCC_WARN_UNDECLARED_SELECTOR = YES;
				GCC_WARN_UNINITIALIZED_AUTOS = YES_AGGRESSIVE;
				GCC_WARN_UNUSED_FUNCTION = YES;
				GCC_WARN_UNUSED_VARIABLE = YES;
				IPHONEOS_DEPLOYMENT_TARGET = 16.4;
				MTL_ENABLE_DEBUG_INFO = INCLUDE_SOURCE;
				MTL_FAST_MATH = YES;
				ONLY_ACTIVE_ARCH = YES;
				SDKROOT = iphoneos;
				SWIFT_ACTIVE_COMPILATION_CONDITIONS = DEBUG;
				SWIFT_OPTIMIZATION_LEVEL = "-Onone";
			};
			name = Debug;
		};
		298131A62B24B087007FB22E /* Release */ = {
			isa = XCBuildConfiguration;
			buildSettings = {
				ALWAYS_SEARCH_USER_PATHS = NO;
				CLANG_ANALYZER_NONNULL = YES;
				CLANG_ANALYZER_NUMBER_OBJECT_CONVERSION = YES_AGGRESSIVE;
				CLANG_CXX_LANGUAGE_STANDARD = "gnu++20";
				CLANG_ENABLE_MODULES = YES;
				CLANG_ENABLE_OBJC_ARC = YES;
				CLANG_ENABLE_OBJC_WEAK = YES;
				CLANG_WARN_BLOCK_CAPTURE_AUTORELEASING = YES;
				CLANG_WARN_BOOL_CONVERSION = YES;
				CLANG_WARN_COMMA = YES;
				CLANG_WARN_CONSTANT_CONVERSION = YES;
				CLANG_WARN_DEPRECATED_OBJC_IMPLEMENTATIONS = YES;
				CLANG_WARN_DIRECT_OBJC_ISA_USAGE = YES_ERROR;
				CLANG_WARN_DOCUMENTATION_COMMENTS = YES;
				CLANG_WARN_EMPTY_BODY = YES;
				CLANG_WARN_ENUM_CONVERSION = YES;
				CLANG_WARN_INFINITE_RECURSION = YES;
				CLANG_WARN_INT_CONVERSION = YES;
				CLANG_WARN_NON_LITERAL_NULL_CONVERSION = YES;
				CLANG_WARN_OBJC_IMPLICIT_RETAIN_SELF = YES;
				CLANG_WARN_OBJC_LITERAL_CONVERSION = YES;
				CLANG_WARN_OBJC_ROOT_CLASS = YES_ERROR;
				CLANG_WARN_QUOTED_INCLUDE_IN_FRAMEWORK_HEADER = YES;
				CLANG_WARN_RANGE_LOOP_ANALYSIS = YES;
				CLANG_WARN_STRICT_PROTOTYPES = YES;
				CLANG_WARN_SUSPICIOUS_MOVE = YES;
				CLANG_WARN_UNGUARDED_AVAILABILITY = YES_AGGRESSIVE;
				CLANG_WARN_UNREACHABLE_CODE = YES;
				CLANG_WARN__DUPLICATE_METHOD_MATCH = YES;
				COPY_PHASE_STRIP = NO;
				DEBUG_INFORMATION_FORMAT = "dwarf-with-dsym";
				ENABLE_NS_ASSERTIONS = NO;
				ENABLE_STRICT_OBJC_MSGSEND = YES;
				GCC_C_LANGUAGE_STANDARD = gnu11;
				GCC_NO_COMMON_BLOCKS = YES;
				GCC_WARN_64_TO_32_BIT_CONVERSION = YES;
				GCC_WARN_ABOUT_RETURN_TYPE = YES_ERROR;
				GCC_WARN_UNDECLARED_SELECTOR = YES;
				GCC_WARN_UNINITIALIZED_AUTOS = YES_AGGRESSIVE;
				GCC_WARN_UNUSED_FUNCTION = YES;
				GCC_WARN_UNUSED_VARIABLE = YES;
				IPHONEOS_DEPLOYMENT_TARGET = 16.4;
				MTL_ENABLE_DEBUG_INFO = NO;
				MTL_FAST_MATH = YES;
				SDKROOT = iphoneos;
				SWIFT_COMPILATION_MODE = wholemodule;
				SWIFT_OPTIMIZATION_LEVEL = "-O";
				VALIDATE_PRODUCT = YES;
			};
			name = Release;
		};
		298131A82B24B087007FB22E /* Debug */ = {
			isa = XCBuildConfiguration;
			buildSettings = {
				ASSETCATALOG_COMPILER_APPICON_NAME = AppIcon;
				ASSETCATALOG_COMPILER_GLOBAL_ACCENT_COLOR_NAME = AccentColor;
				CODE_SIGN_STYLE = Automatic;
				CURRENT_PROJECT_VERSION = 1;
				GENERATE_INFOPLIST_FILE = YES;
				INFOPLIST_FILE = NamePhoneNumberProtocolDelegate/Info.plist;
				INFOPLIST_KEY_UIApplicationSupportsIndirectInputEvents = YES;
				INFOPLIST_KEY_UILaunchStoryboardName = LaunchScreen;
				INFOPLIST_KEY_UIMainStoryboardFile = Main;
				INFOPLIST_KEY_UISupportedInterfaceOrientations_iPad = "UIInterfaceOrientationPortrait UIInterfaceOrientationPortraitUpsideDown UIInterfaceOrientationLandscapeLeft UIInterfaceOrientationLandscapeRight";
				INFOPLIST_KEY_UISupportedInterfaceOrientations_iPhone = "UIInterfaceOrientationPortrait UIInterfaceOrientationLandscapeLeft UIInterfaceOrientationLandscapeRight";
				LD_RUNPATH_SEARCH_PATHS = (
					"$(inherited)",
					"@executable_path/Frameworks",
				);
				MARKETING_VERSION = 1.0;
				PRODUCT_BUNDLE_IDENTIFIER = edu.notheaster.lu.NamePhoneNumberProtocolDelegate;
				PRODUCT_NAME = "$(TARGET_NAME)";
				SWIFT_EMIT_LOC_STRINGS = YES;
				SWIFT_VERSION = 5.0;
				TARGETED_DEVICE_FAMILY = "1,2";
			};
			name = Debug;
		};
		298131A92B24B087007FB22E /* Release */ = {
			isa = XCBuildConfiguration;
			buildSettings = {
				ASSETCATALOG_COMPILER_APPICON_NAME = AppIcon;
				ASSETCATALOG_COMPILER_GLOBAL_ACCENT_COLOR_NAME = AccentColor;
				CODE_SIGN_STYLE = Automatic;
				CURRENT_PROJECT_VERSION = 1;
				GENERATE_INFOPLIST_FILE = YES;
				INFOPLIST_FILE = NamePhoneNumberProtocolDelegate/Info.plist;
				INFOPLIST_KEY_UIApplicationSupportsIndirectInputEvents = YES;
				INFOPLIST_KEY_UILaunchStoryboardName = LaunchScreen;
				INFOPLIST_KEY_UIMainStoryboardFile = Main;
				INFOPLIST_KEY_UISupportedInterfaceOrientations_iPad = "UIInterfaceOrientationPortrait UIInterfaceOrientationPortraitUpsideDown UIInterfaceOrientationLandscapeLeft UIInterfaceOrientationLandscapeRight";
				INFOPLIST_KEY_UISupportedInterfaceOrientations_iPhone = "UIInterfaceOrientationPortrait UIInterfaceOrientationLandscapeLeft UIInterfaceOrientationLandscapeRight";
				LD_RUNPATH_SEARCH_PATHS = (
					"$(inherited)",
					"@executable_path/Frameworks",
				);
				MARKETING_VERSION = 1.0;
				PRODUCT_BUNDLE_IDENTIFIER = edu.notheaster.lu.NamePhoneNumberProtocolDelegate;
				PRODUCT_NAME = "$(TARGET_NAME)";
				SWIFT_EMIT_LOC_STRINGS = YES;
				SWIFT_VERSION = 5.0;
				TARGETED_DEVICE_FAMILY = "1,2";
			};
			name = Release;
		};
/* End XCBuildConfiguration section */

/* Begin XCConfigurationList section */
		2981318E2B24B086007FB22E /* Build configuration list for PBXProject "NamePhoneNumberProtocolDelegate" */ = {
			isa = XCConfigurationList;
			buildConfigurations = (
				298131A52B24B087007FB22E /* Debug */,
				298131A62B24B087007FB22E /* Release */,
			);
			defaultConfigurationIsVisible = 0;
			defaultConfigurationName = Release;
		};
		298131A72B24B087007FB22E /* Build configuration list for PBXNativeTarget "NamePhoneNumberProtocolDelegate" */ = {
			isa = XCConfigurationList;
			buildConfigurations = (
				298131A82B24B087007FB22E /* Debug */,
				298131A92B24B087007FB22E /* Release */,
			);
			defaultConfigurationIsVisible = 0;
			defaultConfigurationName = Release;
		};
/* End XCConfigurationList section */
	};
	rootObject = 2981318B2B24B086007FB22E /* Project object */;
}
